
Microsoft Visual Studio Solution File, Format Version 12.00
# Visual Studio Version 17
VisualStudioVersion = 17.7.34031.279
MinimumVisualStudioVersion = 10.0.40219.1
Project("{FAE04EC0-301F-11D3-BF4B-00C04F79EFBC}") = "EingabenGL", "EingabenGL\EingabenGL.csproj", "{B00665E7-CBD6-4991-BA36-D831ED5F0C22}"
EndProject
Global
	GlobalSection(SolutionConfigurationPlatforms) = preSolution
		Debug|Any CPU = Debug|Any CPU
		Release|Any CPU = Release|Any CPU
	EndGlobalSection
	GlobalSection(ProjectConfigurationPlatforms) = postSolution
		{B00665E7-CBD6-4991-BA36-D831ED5F0C22}.Debug|Any CPU.ActiveCfg = Debug|Any CPU
		{B00665E7-CBD6-4991-BA36-D831ED5F0C22}.Debug|Any CPU.Build.0 = Debug|Any CPU
		{B00665E7-CBD6-4991-BA36-D831ED5F0C22}.Release|Any CPU.ActiveCfg = Release|Any CPU
		{B00665E7-CBD6-4991-BA36-D831ED5F0C22}.Release|Any CPU.Build.0 = Release|Any CPU
	EndGlobalSection
	GlobalSection(SolutionProperties) = preSolution
		HideSolutionNode = FALSE
	EndGlobalSection
	GlobalSection(ExtensibilityGlobals) = postSolution
		SolutionGuid = {6B00502D-6DFD-4FB7-8757-DFB7D2192B31}
	EndGlobalSection
EndGlobal
