
Microsoft Visual Studio Solution File, Format Version 12.00
# Visual Studio Version 17
VisualStudioVersion = 17.7.34031.279
MinimumVisualStudioVersion = 10.0.40219.1
Project("{FAE04EC0-301F-11D3-BF4B-00C04F79EFBC}") = "Abfragen", "Abfragen\Abfragen.csproj", "{22D1A5BC-211D-4DC7-AD42-F327AC6A06CB}"
EndProject
Global
	GlobalSection(SolutionConfigurationPlatforms) = preSolution
		Debug|Any CPU = Debug|Any CPU
		Release|Any CPU = Release|Any CPU
	EndGlobalSection
	GlobalSection(ProjectConfigurationPlatforms) = postSolution
		{22D1A5BC-211D-4DC7-AD42-F327AC6A06CB}.Debug|Any CPU.ActiveCfg = Debug|Any CPU
		{22D1A5BC-211D-4DC7-AD42-F327AC6A06CB}.Debug|Any CPU.Build.0 = Debug|Any CPU
		{22D1A5BC-211D-4DC7-AD42-F327AC6A06CB}.Release|Any CPU.ActiveCfg = Release|Any CPU
		{22D1A5BC-211D-4DC7-AD42-F327AC6A06CB}.Release|Any CPU.Build.0 = Release|Any CPU
	EndGlobalSection
	GlobalSection(SolutionProperties) = preSolution
		HideSolutionNode = FALSE
	EndGlobalSection
	GlobalSection(ExtensibilityGlobals) = postSolution
		SolutionGuid = {C5300476-1315-419E-B552-A1B1F9511602}
	EndGlobalSection
EndGlobal
