
Microsoft Visual Studio Solution File, Format Version 12.00
# Visual Studio Version 17
VisualStudioVersion = 17.7.34031.279
MinimumVisualStudioVersion = 10.0.40219.1
Project("{FAE04EC0-301F-11D3-BF4B-00C04F79EFBC}") = "DatenTypenGL", "DatenTypenGL\DatenTypenGL.csproj", "{5CADDA8B-58B8-40CD-9B4B-132195A661F3}"
EndProject
Global
	GlobalSection(SolutionConfigurationPlatforms) = preSolution
		Debug|Any CPU = Debug|Any CPU
		Release|Any CPU = Release|Any CPU
	EndGlobalSection
	GlobalSection(ProjectConfigurationPlatforms) = postSolution
		{5CADDA8B-58B8-40CD-9B4B-132195A661F3}.Debug|Any CPU.ActiveCfg = Debug|Any CPU
		{5CADDA8B-58B8-40CD-9B4B-132195A661F3}.Debug|Any CPU.Build.0 = Debug|Any CPU
		{5CADDA8B-58B8-40CD-9B4B-132195A661F3}.Release|Any CPU.ActiveCfg = Release|Any CPU
		{5CADDA8B-58B8-40CD-9B4B-132195A661F3}.Release|Any CPU.Build.0 = Release|Any CPU
	EndGlobalSection
	GlobalSection(SolutionProperties) = preSolution
		HideSolutionNode = FALSE
	EndGlobalSection
	GlobalSection(ExtensibilityGlobals) = postSolution
		SolutionGuid = {C0C42C6D-2281-4CD8-A20B-32A2049BA037}
	EndGlobalSection
EndGlobal
