
Microsoft Visual Studio Solution File, Format Version 12.00
# Visual Studio Version 17
VisualStudioVersion = 17.7.34202.233
MinimumVisualStudioVersion = 10.0.40219.1
Project("{FAE04EC0-301F-11D3-BF4B-00C04F79EFBC}") = "TeilnehmerVerwaltung_v2", "TeilnehmerVerwaltung_v2\TeilnehmerVerwaltung_v2.csproj", "{6C91FE71-84F2-4239-8958-2042F094A886}"
EndProject
Global
	GlobalSection(SolutionConfigurationPlatforms) = preSolution
		Debug|Any CPU = Debug|Any CPU
		Release|Any CPU = Release|Any CPU
	EndGlobalSection
	GlobalSection(ProjectConfigurationPlatforms) = postSolution
		{6C91FE71-84F2-4239-8958-2042F094A886}.Debug|Any CPU.ActiveCfg = Debug|Any CPU
		{6C91FE71-84F2-4239-8958-2042F094A886}.Debug|Any CPU.Build.0 = Debug|Any CPU
		{6C91FE71-84F2-4239-8958-2042F094A886}.Release|Any CPU.ActiveCfg = Release|Any CPU
		{6C91FE71-84F2-4239-8958-2042F094A886}.Release|Any CPU.Build.0 = Release|Any CPU
	EndGlobalSection
	GlobalSection(SolutionProperties) = preSolution
		HideSolutionNode = FALSE
	EndGlobalSection
	GlobalSection(ExtensibilityGlobals) = postSolution
		SolutionGuid = {2ADBEFB2-025B-40C6-AD9F-58C4B54DAD18}
	EndGlobalSection
EndGlobal
