
Microsoft Visual Studio Solution File, Format Version 12.00
# Visual Studio Version 17
VisualStudioVersion = 17.7.34221.43
MinimumVisualStudioVersion = 10.0.40219.1
Project("{FAE04EC0-301F-11D3-BF4B-00C04F79EFBC}") = "Taschenrechner", "Taschenrechner\Taschenrechner.csproj", "{C98A4EB2-A8CB-4CA2-9117-C9AB893E0533}"
EndProject
Global
	GlobalSection(SolutionConfigurationPlatforms) = preSolution
		Debug|Any CPU = Debug|Any CPU
		Release|Any CPU = Release|Any CPU
	EndGlobalSection
	GlobalSection(ProjectConfigurationPlatforms) = postSolution
		{C98A4EB2-A8CB-4CA2-9117-C9AB893E0533}.Debug|Any CPU.ActiveCfg = Debug|Any CPU
		{C98A4EB2-A8CB-4CA2-9117-C9AB893E0533}.Debug|Any CPU.Build.0 = Debug|Any CPU
		{C98A4EB2-A8CB-4CA2-9117-C9AB893E0533}.Release|Any CPU.ActiveCfg = Release|Any CPU
		{C98A4EB2-A8CB-4CA2-9117-C9AB893E0533}.Release|Any CPU.Build.0 = Release|Any CPU
	EndGlobalSection
	GlobalSection(SolutionProperties) = preSolution
		HideSolutionNode = FALSE
	EndGlobalSection
	GlobalSection(ExtensibilityGlobals) = postSolution
		SolutionGuid = {42BB4BBA-D93B-4573-ABBA-2FA2D197B622}
	EndGlobalSection
EndGlobal
